
Microsoft Visual Studio Solution File, Format Version 12.00
# Visual Studio Version 17
VisualStudioVersion = 17.2.32519.379
MinimumVisualStudioVersion = 10.0.40219.1
Project("{FAE04EC0-301F-11D3-BF4B-00C04F79EFBC}") = "Web", "Web\Web.csproj", "{18168E4F-77B8-46A4-ABD4-9C87CC0131CD}"
EndProject
Project("{FAE04EC0-301F-11D3-BF4B-00C04F79EFBC}") = "Common", "Common\Common.csproj", "{9B3E2847-913A-4A87-93E9-30CA3E129742}"
EndProject
Project("{FAE04EC0-301F-11D3-BF4B-00C04F79EFBC}") = "Model", "Model\Model.csproj", "{2CB03C9E-18E1-4BB0-978C-415D8ED2F0F6}"
EndProject
Global
	GlobalSection(SolutionConfigurationPlatforms) = preSolution
		Debug|Any CPU = Debug|Any CPU
		Release|Any CPU = Release|Any CPU
	EndGlobalSection
	GlobalSection(ProjectConfigurationPlatforms) = postSolution
		{18168E4F-77B8-46A4-ABD4-9C87CC0131CD}.Debug|Any CPU.ActiveCfg = Debug|Any CPU
		{18168E4F-77B8-46A4-ABD4-9C87CC0131CD}.Debug|Any CPU.Build.0 = Debug|Any CPU
		{18168E4F-77B8-46A4-ABD4-9C87CC0131CD}.Release|Any CPU.ActiveCfg = Release|Any CPU
		{18168E4F-77B8-46A4-ABD4-9C87CC0131CD}.Release|Any CPU.Build.0 = Release|Any CPU
		{9B3E2847-913A-4A87-93E9-30CA3E129742}.Debug|Any CPU.ActiveCfg = Debug|Any CPU
		{9B3E2847-913A-4A87-93E9-30CA3E129742}.Debug|Any CPU.Build.0 = Debug|Any CPU
		{9B3E2847-913A-4A87-93E9-30CA3E129742}.Release|Any CPU.ActiveCfg = Release|Any CPU
		{9B3E2847-913A-4A87-93E9-30CA3E129742}.Release|Any CPU.Build.0 = Release|Any CPU
		{2CB03C9E-18E1-4BB0-978C-415D8ED2F0F6}.Debug|Any CPU.ActiveCfg = Debug|Any CPU
		{2CB03C9E-18E1-4BB0-978C-415D8ED2F0F6}.Debug|Any CPU.Build.0 = Debug|Any CPU
		{2CB03C9E-18E1-4BB0-978C-415D8ED2F0F6}.Release|Any CPU.ActiveCfg = Release|Any CPU
		{2CB03C9E-18E1-4BB0-978C-415D8ED2F0F6}.Release|Any CPU.Build.0 = Release|Any CPU
	EndGlobalSection
	GlobalSection(SolutionProperties) = preSolution
		HideSolutionNode = FALSE
	EndGlobalSection
	GlobalSection(ExtensibilityGlobals) = postSolution
		SolutionGuid = {8F104D98-3C60-43EC-BB7F-DAE7F58B5BF3}
	EndGlobalSection
EndGlobal
